
Microsoft Visual Studio Solution File, Format Version 12.00
# Visual Studio Version 17
VisualStudioVersion = 17.2.32519.379
MinimumVisualStudioVersion = 10.0.40219.1
Project("{9A19103F-16F7-4668-BE54-9A1E7A4F7556}") = "Rainbow", "Rainbow\Rainbow.csproj", "{C8EDBE95-D259-4FC1-AE49-38AC63C76AD9}"
EndProject
Project("{FAE04EC0-301F-11D3-BF4B-00C04F79EFBC}") = "Language", "Modules\Language\Language.csproj", "{2BB28C6F-0B60-47A2-972D-25E163FB559F}"
EndProject
Global
	GlobalSection(SolutionConfigurationPlatforms) = preSolution
		Debug|Any CPU = Debug|Any CPU
		Debug|x64 = Debug|x64
		Debug|x86 = Debug|x86
		Release|Any CPU = Release|Any CPU
		Release|x64 = Release|x64
		Release|x86 = Release|x86
	EndGlobalSection
	GlobalSection(ProjectConfigurationPlatforms) = postSolution
		{C8EDBE95-D259-4FC1-AE49-38AC63C76AD9}.Debug|Any CPU.ActiveCfg = Debug|Any CPU
		{C8EDBE95-D259-4FC1-AE49-38AC63C76AD9}.Debug|Any CPU.Build.0 = Debug|Any CPU
		{C8EDBE95-D259-4FC1-AE49-38AC63C76AD9}.Debug|x64.ActiveCfg = Debug|Any CPU
		{C8EDBE95-D259-4FC1-AE49-38AC63C76AD9}.Debug|x64.Build.0 = Debug|Any CPU
		{C8EDBE95-D259-4FC1-AE49-38AC63C76AD9}.Debug|x86.ActiveCfg = Debug|Any CPU
		{C8EDBE95-D259-4FC1-AE49-38AC63C76AD9}.Debug|x86.Build.0 = Debug|Any CPU
		{C8EDBE95-D259-4FC1-AE49-38AC63C76AD9}.Release|Any CPU.ActiveCfg = Release|Any CPU
		{C8EDBE95-D259-4FC1-AE49-38AC63C76AD9}.Release|Any CPU.Build.0 = Release|Any CPU
		{C8EDBE95-D259-4FC1-AE49-38AC63C76AD9}.Release|x64.ActiveCfg = Release|Any CPU
		{C8EDBE95-D259-4FC1-AE49-38AC63C76AD9}.Release|x64.Build.0 = Release|Any CPU
		{C8EDBE95-D259-4FC1-AE49-38AC63C76AD9}.Release|x86.ActiveCfg = Release|Any CPU
		{C8EDBE95-D259-4FC1-AE49-38AC63C76AD9}.Release|x86.Build.0 = Release|Any CPU
		{2BB28C6F-0B60-47A2-972D-25E163FB559F}.Debug|Any CPU.ActiveCfg = Debug|Any CPU
		{2BB28C6F-0B60-47A2-972D-25E163FB559F}.Debug|Any CPU.Build.0 = Debug|Any CPU
		{2BB28C6F-0B60-47A2-972D-25E163FB559F}.Debug|x64.ActiveCfg = Debug|Any CPU
		{2BB28C6F-0B60-47A2-972D-25E163FB559F}.Debug|x64.Build.0 = Debug|Any CPU
		{2BB28C6F-0B60-47A2-972D-25E163FB559F}.Debug|x86.ActiveCfg = Debug|Any CPU
		{2BB28C6F-0B60-47A2-972D-25E163FB559F}.Debug|x86.Build.0 = Debug|Any CPU
		{2BB28C6F-0B60-47A2-972D-25E163FB559F}.Release|Any CPU.ActiveCfg = Release|Any CPU
		{2BB28C6F-0B60-47A2-972D-25E163FB559F}.Release|Any CPU.Build.0 = Release|Any CPU
		{2BB28C6F-0B60-47A2-972D-25E163FB559F}.Release|x64.ActiveCfg = Release|Any CPU
		{2BB28C6F-0B60-47A2-972D-25E163FB559F}.Release|x64.Build.0 = Release|Any CPU
		{2BB28C6F-0B60-47A2-972D-25E163FB559F}.Release|x86.ActiveCfg = Release|Any CPU
		{2BB28C6F-0B60-47A2-972D-25E163FB559F}.Release|x86.Build.0 = Release|Any CPU
	EndGlobalSection
	GlobalSection(SolutionProperties) = preSolution
		HideSolutionNode = FALSE
	EndGlobalSection
	GlobalSection(ExtensibilityGlobals) = postSolution
		SolutionGuid = {939C8A2C-4D41-43FF-979C-A8459AC63724}
	EndGlobalSection
EndGlobal
